// !$*UTF8*$!
{
	archiveVersion = 1;
	classes = {
	};
	objectVersion = 46;
	objects = {

/* Begin PBXBuildFile section */
		8696E4321929DF1000694536 /* XYZFirstViewController.m in Sources */ = {isa = PBXBuildFile; fileRef = 86F85E461929A6060095B813 /* XYZFirstViewController.m */; };
		8696E4331929DF4200694536 /* XYZMainViewController.m in Sources */ = {isa = PBXBuildFile; fileRef = 86F85E691929AE850095B813 /* XYZMainViewController.m */; };
		8696E4341929DF4800694536 /* XYZAppDelegate.m in Sources */ = {isa = PBXBuildFile; fileRef = 86F85E401929A6060095B813 /* XYZAppDelegate.m */; };
		8696E4351929DF5600694536 /* XYZSecondViewController.m in Sources */ = {isa = PBXBuildFile; fileRef = 86F85E491929A6060095B813 /* XYZSecondViewController.m */; };
		8696E4391929E02100694536 /* libsqlite3.0.dylib in Frameworks */ = {isa = PBXBuildFile; fileRef = 8696E4371929E02100694536 /* libsqlite3.0.dylib */; };
		8696E43B1929E0FD00694536 /* DataStorageTests.m in Sources */ = {isa = PBXBuildFile; fileRef = 86F85E5E1929A6060095B813 /* DataStorageTests.m */; };
		8696E43C1929E19B00694536 /* main.m in Sources */ = {isa = PBXBuildFile; fileRef = 86F85E3C1929A6060095B813 /* main.m */; };
		8696E43F1929ED2200694536 /* CoreDataModel.xcdatamodeld in Sources */ = {isa = PBXBuildFile; fileRef = 8696E43D1929ED2200694536 /* CoreDataModel.xcdatamodeld */; };
		86EC372A192A5B8A004B9B81 /* CoreData.framework in Frameworks */ = {isa = PBXBuildFile; fileRef = 86EC3729192A5B8A004B9B81 /* CoreData.framework */; };
		86F85E311929A6060095B813 /* Foundation.framework in Frameworks */ = {isa = PBXBuildFile; fileRef = 86F85E301929A6060095B813 /* Foundation.framework */; };
		86F85E331929A6060095B813 /* CoreGraphics.framework in Frameworks */ = {isa = PBXBuildFile; fileRef = 86F85E321929A6060095B813 /* CoreGraphics.framework */; };
		86F85E351929A6060095B813 /* UIKit.framework in Frameworks */ = {isa = PBXBuildFile; fileRef = 86F85E341929A6060095B813 /* UIKit.framework */; };
		86F85E3B1929A6060095B813 /* InfoPlist.strings in Resources */ = {isa = PBXBuildFile; fileRef = 86F85E391929A6060095B813 /* InfoPlist.strings */; };
		86F85E441929A6060095B813 /* Main.storyboard in Resources */ = {isa = PBXBuildFile; fileRef = 86F85E421929A6060095B813 /* Main.storyboard */; };
		86F85E4C1929A6060095B813 /* Images.xcassets in Resources */ = {isa = PBXBuildFile; fileRef = 86F85E4B1929A6060095B813 /* Images.xcassets */; };
		86F85E531929A6060095B813 /* XCTest.framework in Frameworks */ = {isa = PBXBuildFile; fileRef = 86F85E521929A6060095B813 /* XCTest.framework */; };
		86F85E541929A6060095B813 /* Foundation.framework in Frameworks */ = {isa = PBXBuildFile; fileRef = 86F85E301929A6060095B813 /* Foundation.framework */; };
		86F85E551929A6060095B813 /* UIKit.framework in Frameworks */ = {isa = PBXBuildFile; fileRef = 86F85E341929A6060095B813 /* UIKit.framework */; };
		86F85E5D1929A6060095B813 /* InfoPlist.strings in Resources */ = {isa = PBXBuildFile; fileRef = 86F85E5B1929A6060095B813 /* InfoPlist.strings */; };
		86F860041929B1470095B813 /* 53-house.png in Resources */ = {isa = PBXBuildFile; fileRef = 86F860031929B1470095B813 /* 53-house.png */; };
/* End PBXBuildFile section */

/* Begin PBXContainerItemProxy section */
		86F85E561929A6060095B813 /* PBXContainerItemProxy */ = {
			isa = PBXContainerItemProxy;
			containerPortal = 86F85E251929A6060095B813 /* Project object */;
			proxyType = 1;
			remoteGlobalIDString = 86F85E2C1929A6060095B813;
			remoteInfo = DataStorage;
		};
/* End PBXContainerItemProxy section */

/* Begin PBXFileReference section */
		8696E4371929E02100694536 /* libsqlite3.0.dylib */ = {isa = PBXFileReference; lastKnownFileType = "compiled.mach-o.dylib"; name = libsqlite3.0.dylib; path = usr/lib/libsqlite3.0.dylib; sourceTree = SDKROOT; };
		8696E43E1929ED2200694536 /* CoreDataModel.xcdatamodel */ = {isa = PBXFileReference; lastKnownFileType = wrapper.xcdatamodel; path = CoreDataModel.xcdatamodel; sourceTree = "<group>"; };
		86EC3729192A5B8A004B9B81 /* CoreData.framework */ = {isa = PBXFileReference; lastKnownFileType = wrapper.framework; name = CoreData.framework; path = System/Library/Frameworks/CoreData.framework; sourceTree = SDKROOT; };
		86F85E2D1929A6060095B813 /* DataStorage.app */ = {isa = PBXFileReference; explicitFileType = wrapper.application; includeInIndex = 0; path = DataStorage.app; sourceTree = BUILT_PRODUCTS_DIR; };
		86F85E301929A6060095B813 /* Foundation.framework */ = {isa = PBXFileReference; lastKnownFileType = wrapper.framework; name = Foundation.framework; path = System/Library/Frameworks/Foundation.framework; sourceTree = SDKROOT; };
		86F85E321929A6060095B813 /* CoreGraphics.framework */ = {isa = PBXFileReference; lastKnownFileType = wrapper.framework; name = CoreGraphics.framework; path = System/Library/Frameworks/CoreGraphics.framework; sourceTree = SDKROOT; };
		86F85E341929A6060095B813 /* UIKit.framework */ = {isa = PBXFileReference; lastKnownFileType = wrapper.framework; name = UIKit.framework; path = System/Library/Frameworks/UIKit.framework; sourceTree = SDKROOT; };
		86F85E381929A6060095B813 /* DataStorage-Info.plist */ = {isa = PBXFileReference; lastKnownFileType = text.plist.xml; path = "DataStorage-Info.plist"; sourceTree = "<group>"; };
		86F85E3A1929A6060095B813 /* en */ = {isa = PBXFileReference; lastKnownFileType = text.plist.strings; name = en; path = en.lproj/InfoPlist.strings; sourceTree = "<group>"; };
		86F85E3C1929A6060095B813 /* main.m */ = {isa = PBXFileReference; lastKnownFileType = sourcecode.c.objc; path = main.m; sourceTree = "<group>"; };
		86F85E3E1929A6060095B813 /* DataStorage-Prefix.pch */ = {isa = PBXFileReference; lastKnownFileType = sourcecode.c.h; path = "DataStorage-Prefix.pch"; sourceTree = "<group>"; };
		86F85E3F1929A6060095B813 /* XYZAppDelegate.h */ = {isa = PBXFileReference; lastKnownFileType = sourcecode.c.h; path = XYZAppDelegate.h; sourceTree = "<group>"; };
		86F85E401929A6060095B813 /* XYZAppDelegate.m */ = {isa = PBXFileReference; lastKnownFileType = sourcecode.c.objc; path = XYZAppDelegate.m; sourceTree = "<group>"; };
		86F85E431929A6060095B813 /* Base */ = {isa = PBXFileReference; lastKnownFileType = file.storyboard; name = Base; path = Base.lproj/Main.storyboard; sourceTree = "<group>"; };
		86F85E451929A6060095B813 /* XYZFirstViewController.h */ = {isa = PBXFileReference; lastKnownFileType = sourcecode.c.h; path = XYZFirstViewController.h; sourceTree = "<group>"; };
		86F85E461929A6060095B813 /* XYZFirstViewController.m */ = {isa = PBXFileReference; lastKnownFileType = sourcecode.c.objc; path = XYZFirstViewController.m; sourceTree = "<group>"; };
		86F85E481929A6060095B813 /* XYZSecondViewController.h */ = {isa = PBXFileReference; lastKnownFileType = sourcecode.c.h; path = XYZSecondViewController.h; sourceTree = "<group>"; };
		86F85E491929A6060095B813 /* XYZSecondViewController.m */ = {isa = PBXFileReference; lastKnownFileType = sourcecode.c.objc; path = XYZSecondViewController.m; sourceTree = "<group>"; };
		86F85E4B1929A6060095B813 /* Images.xcassets */ = {isa = PBXFileReference; lastKnownFileType = folder.assetcatalog; path = Images.xcassets; sourceTree = "<group>"; };
		86F85E511929A6060095B813 /* DataStorageTests.xctest */ = {isa = PBXFileReference; explicitFileType = wrapper.cfbundle; includeInIndex = 0; path = DataStorageTests.xctest; sourceTree = BUILT_PRODUCTS_DIR; };
		86F85E521929A6060095B813 /* XCTest.framework */ = {isa = PBXFileReference; lastKnownFileType = wrapper.framework; name = XCTest.framework; path = Library/Frameworks/XCTest.framework; sourceTree = DEVELOPER_DIR; };
		86F85E5A1929A6060095B813 /* DataStorageTests-Info.plist */ = {isa = PBXFileReference; lastKnownFileType = text.plist.xml; path = "DataStorageTests-Info.plist"; sourceTree = "<group>"; };
		86F85E5C1929A6060095B813 /* en */ = {isa = PBXFileReference; lastKnownFileType = text.plist.strings; name = en; path = en.lproj/InfoPlist.strings; sourceTree = "<group>"; };
		86F85E5E1929A6060095B813 /* DataStorageTests.m */ = {isa = PBXFileReference; lastKnownFileType = sourcecode.c.objc; path = DataStorageTests.m; sourceTree = "<group>"; };
		86F85E681929AE850095B813 /* XYZMainViewController.h */ = {isa = PBXFileReference; fileEncoding = 4; lastKnownFileType = sourcecode.c.h; path = XYZMainViewController.h; sourceTree = "<group>"; };
		86F85E691929AE850095B813 /* XYZMainViewController.m */ = {isa = PBXFileReference; fileEncoding = 4; lastKnownFileType = sourcecode.c.objc; path = XYZMainViewController.m; sourceTree = "<group>"; };
		86F860031929B1470095B813 /* 53-house.png */ = {isa = PBXFileReference; lastKnownFileType = image.png; name = "53-house.png"; path = "../../../../Downloads/glyphish-icons/PNG icons/53-house.png"; sourceTree = "<group>"; };
/* End PBXFileReference section */

/* Begin PBXFrameworksBuildPhase section */
		86F85E2A1929A6060095B813 /* Frameworks */ = {
			isa = PBXFrameworksBuildPhase;
			buildActionMask = 2147483647;
			files = (
				86EC372A192A5B8A004B9B81 /* CoreData.framework in Frameworks */,
				8696E4391929E02100694536 /* libsqlite3.0.dylib in Frameworks */,
				86F85E331929A6060095B813 /* CoreGraphics.framework in Frameworks */,
				86F85E351929A6060095B813 /* UIKit.framework in Frameworks */,
				86F85E311929A6060095B813 /* Foundation.framework in Frameworks */,
			);
			runOnlyForDeploymentPostprocessing = 0;
		};
		86F85E4E1929A6060095B813 /* Frameworks */ = {
			isa = PBXFrameworksBuildPhase;
			buildActionMask = 2147483647;
			files = (
				86F85E531929A6060095B813 /* XCTest.framework in Frameworks */,
				86F85E551929A6060095B813 /* UIKit.framework in Frameworks */,
				86F85E541929A6060095B813 /* Foundation.framework in Frameworks */,
			);
			runOnlyForDeploymentPostprocessing = 0;
		};
/* End PBXFrameworksBuildPhase section */

/* Begin PBXGroup section */
		86F85E241929A6060095B813 = {
			isa = PBXGroup;
			children = (
				86F85E361929A6060095B813 /* DataStorage */,
				86F85E581929A6060095B813 /* DataStorageTests */,
				86F85E2F1929A6060095B813 /* Frameworks */,
				86F85E2E1929A6060095B813 /* Products */,
			);
			sourceTree = "<group>";
		};
		86F85E2E1929A6060095B813 /* Products */ = {
			isa = PBXGroup;
			children = (
				86F85E2D1929A6060095B813 /* DataStorage.app */,
				86F85E511929A6060095B813 /* DataStorageTests.xctest */,
			);
			name = Products;
			sourceTree = "<group>";
		};
		86F85E2F1929A6060095B813 /* Frameworks */ = {
			isa = PBXGroup;
			children = (
				86EC3729192A5B8A004B9B81 /* CoreData.framework */,
				8696E4371929E02100694536 /* libsqlite3.0.dylib */,
				86F85E301929A6060095B813 /* Foundation.framework */,
				86F85E321929A6060095B813 /* CoreGraphics.framework */,
				86F85E341929A6060095B813 /* UIKit.framework */,
				86F85E521929A6060095B813 /* XCTest.framework */,
			);
			name = Frameworks;
			sourceTree = "<group>";
		};
		86F85E361929A6060095B813 /* DataStorage */ = {
			isa = PBXGroup;
			children = (
				86F860031929B1470095B813 /* 53-house.png */,
				86F85E401929A6060095B813 /* XYZAppDelegate.m */,
				86F85E421929A6060095B813 /* Main.storyboard */,
				86F85E3F1929A6060095B813 /* XYZAppDelegate.h */,
				86F85E681929AE850095B813 /* XYZMainViewController.h */,
				86F85E691929AE850095B813 /* XYZMainViewController.m */,
				86F85E451929A6060095B813 /* XYZFirstViewController.h */,
				86F85E461929A6060095B813 /* XYZFirstViewController.m */,
				86F85E481929A6060095B813 /* XYZSecondViewController.h */,
				86F85E491929A6060095B813 /* XYZSecondViewController.m */,
				86F85E4B1929A6060095B813 /* Images.xcassets */,
				86F85E371929A6060095B813 /* Supporting Files */,
				8696E43D1929ED2200694536 /* CoreDataModel.xcdatamodeld */,
			);
			path = DataStorage;
			sourceTree = "<group>";
		};
		86F85E371929A6060095B813 /* Supporting Files */ = {
			isa = PBXGroup;
			children = (
				86F85E381929A6060095B813 /* DataStorage-Info.plist */,
				86F85E391929A6060095B813 /* InfoPlist.strings */,
				86F85E3C1929A6060095B813 /* main.m */,
				86F85E3E1929A6060095B813 /* DataStorage-Prefix.pch */,
			);
			name = "Supporting Files";
			sourceTree = "<group>";
		};
		86F85E581929A6060095B813 /* DataStorageTests */ = {
			isa = PBXGroup;
			children = (
				86F85E5E1929A6060095B813 /* DataStorageTests.m */,
				86F85E591929A6060095B813 /* Supporting Files */,
			);
			path = DataStorageTests;
			sourceTree = "<group>";
		};
		86F85E591929A6060095B813 /* Supporting Files */ = {
			isa = PBXGroup;
			children = (
				86F85E5A1929A6060095B813 /* DataStorageTests-Info.plist */,
				86F85E5B1929A6060095B813 /* InfoPlist.strings */,
			);
			name = "Supporting Files";
			sourceTree = "<group>";
		};
/* End PBXGroup section */

/* Begin PBXNativeTarget section */
		86F85E2C1929A6060095B813 /* DataStorage */ = {
			isa = PBXNativeTarget;
			buildConfigurationList = 86F85E621929A6060095B813 /* Build configuration list for PBXNativeTarget "DataStorage" */;
			buildPhases = (
				86F85E2A1929A6060095B813 /* Frameworks */,
				86F85E2B1929A6060095B813 /* Resources */,
				8696E4311929DEB800694536 /* Sources */,
			);
			buildRules = (
			);
			dependencies = (
			);
			name = DataStorage;
			productName = DataStorage;
			productReference = 86F85E2D1929A6060095B813 /* DataStorage.app */;
			productType = "com.apple.product-type.application";
		};
		86F85E501929A6060095B813 /* DataStorageTests */ = {
			isa = PBXNativeTarget;
			buildConfigurationList = 86F85E651929A6060095B813 /* Build configuration list for PBXNativeTarget "DataStorageTests" */;
			buildPhases = (
				86F85E4D1929A6060095B813 /* Sources */,
				86F85E4E1929A6060095B813 /* Frameworks */,
				86F85E4F1929A6060095B813 /* Resources */,
			);
			buildRules = (
			);
			dependencies = (
				86F85E571929A6060095B813 /* PBXTargetDependency */,
			);
			name = DataStorageTests;
			productName = DataStorageTests;
			productReference = 86F85E511929A6060095B813 /* DataStorageTests.xctest */;
			productType = "com.apple.product-type.bundle.unit-test";
		};
/* End PBXNativeTarget section */

/* Begin PBXProject section */
		86F85E251929A6060095B813 /* Project object */ = {
			isa = PBXProject;
			attributes = {
				CLASSPREFIX = XYZ;
				LastUpgradeCheck = 0510;
				ORGANIZATIONNAME = "___FULLUSERNAME___";
				TargetAttributes = {
					86F85E501929A6060095B813 = {
						TestTargetID = 86F85E2C1929A6060095B813;
					};
				};
			};
			buildConfigurationList = 86F85E281929A6060095B813 /* Build configuration list for PBXProject "DataStorage" */;
			compatibilityVersion = "Xcode 3.2";
			developmentRegion = English;
			hasScannedForEncodings = 0;
			knownRegions = (
				en,
				Base,
			);
			mainGroup = 86F85E241929A6060095B813;
			productRefGroup = 86F85E2E1929A6060095B813 /* Products */;
			projectDirPath = "";
			projectRoot = "";
			targets = (
				86F85E2C1929A6060095B813 /* DataStorage */,
				86F85E501929A6060095B813 /* DataStorageTests */,
			);
		};
/* End PBXProject section */

/* Begin PBXResourcesBuildPhase section */
		86F85E2B1929A6060095B813 /* Resources */ = {
			isa = PBXResourcesBuildPhase;
			buildActionMask = 2147483647;
			files = (
				86F860041929B1470095B813 /* 53-house.png in Resources */,
				86F85E4C1929A6060095B813 /* Images.xcassets in Resources */,
				86F85E3B1929A6060095B813 /* InfoPlist.strings in Resources */,
				86F85E441929A6060095B813 /* Main.storyboard in Resources */,
			);
			runOnlyForDeploymentPostprocessing = 0;
		};
		86F85E4F1929A6060095B813 /* Resources */ = {
			isa = PBXResourcesBuildPhase;
			buildActionMask = 2147483647;
			files = (
				86F85E5D1929A6060095B813 /* InfoPlist.strings in Resources */,
			);
			runOnlyForDeploymentPostprocessing = 0;
		};
/* End PBXResourcesBuildPhase section */

/* Begin PBXSourcesBuildPhase section */
		8696E4311929DEB800694536 /* Sources */ = {
			isa = PBXSourcesBuildPhase;
			buildActionMask = 2147483647;
			files = (
				8696E43C1929E19B00694536 /* main.m in Sources */,
				8696E4321929DF1000694536 /* XYZFirstViewController.m in Sources */,
				8696E43F1929ED2200694536 /* CoreDataModel.xcdatamodeld in Sources */,
				8696E4331929DF4200694536 /* XYZMainViewController.m in Sources */,
				8696E4351929DF5600694536 /* XYZSecondViewController.m in Sources */,
				8696E4341929DF4800694536 /* XYZAppDelegate.m in Sources */,
			);
			runOnlyForDeploymentPostprocessing = 0;
		};
		86F85E4D1929A6060095B813 /* Sources */ = {
			isa = PBXSourcesBuildPhase;
			buildActionMask = 2147483647;
			files = (
				8696E43B1929E0FD00694536 /* DataStorageTests.m in Sources */,
			);
			runOnlyForDeploymentPostprocessing = 0;
		};
/* End PBXSourcesBuildPhase section */

/* Begin PBXTargetDependency section */
		86F85E571929A6060095B813 /* PBXTargetDependency */ = {
			isa = PBXTargetDependency;
			target = 86F85E2C1929A6060095B813 /* DataStorage */;
			targetProxy = 86F85E561929A6060095B813 /* PBXContainerItemProxy */;
		};
/* End PBXTargetDependency section */

/* Begin PBXVariantGroup section */
		86F85E391929A6060095B813 /* InfoPlist.strings */ = {
			isa = PBXVariantGroup;
			children = (
				86F85E3A1929A6060095B813 /* en */,
			);
			name = InfoPlist.strings;
			sourceTree = "<group>";
		};
		86F85E421929A6060095B813 /* Main.storyboard */ = {
			isa = PBXVariantGroup;
			children = (
				86F85E431929A6060095B813 /* Base */,
			);
			name = Main.storyboard;
			sourceTree = "<group>";
		};
		86F85E5B1929A6060095B813 /* InfoPlist.strings */ = {
			isa = PBXVariantGroup;
			children = (
				86F85E5C1929A6060095B813 /* en */,
			);
			name = InfoPlist.strings;
			sourceTree = "<group>";
		};
/* End PBXVariantGroup section */

/* Begin XCBuildConfiguration section */
		86F85E601929A6060095B813 /* Debug */ = {
			isa = XCBuildConfiguration;
			buildSettings = {
				ALWAYS_SEARCH_USER_PATHS = NO;
				CLANG_CXX_LANGUAGE_STANDARD = "gnu++0x";
				CLANG_CXX_LIBRARY = "libc++";
				CLANG_ENABLE_MODULES = YES;
				CLANG_ENABLE_OBJC_ARC = YES;
				CLANG_WARN_BOOL_CONVERSION = YES;
				CLANG_WARN_CONSTANT_CONVERSION = YES;
				CLANG_WARN_DIRECT_OBJC_ISA_USAGE = YES_ERROR;
				CLANG_WARN_EMPTY_BODY = YES;
				CLANG_WARN_ENUM_CONVERSION = YES;
				CLANG_WARN_INT_CONVERSION = YES;
				CLANG_WARN_OBJC_ROOT_CLASS = YES_ERROR;
				CLANG_WARN__DUPLICATE_METHOD_MATCH = YES;
				"CODE_SIGN_IDENTITY[sdk=iphoneos*]" = "iPhone Developer";
				COPY_PHASE_STRIP = NO;
				GCC_C_LANGUAGE_STANDARD = gnu99;
				GCC_DYNAMIC_NO_PIC = NO;
				GCC_OPTIMIZATION_LEVEL = 0;
				GCC_PREPROCESSOR_DEFINITIONS = (
					"DEBUG=1",
					"$(inherited)",
				);
				GCC_SYMBOLS_PRIVATE_EXTERN = NO;
				GCC_WARN_64_TO_32_BIT_CONVERSION = YES;
				GCC_WARN_ABOUT_RETURN_TYPE = YES_ERROR;
				GCC_WARN_UNDECLARED_SELECTOR = YES;
				GCC_WARN_UNINITIALIZED_AUTOS = YES_AGGRESSIVE;
				GCC_WARN_UNUSED_FUNCTION = YES;
				GCC_WARN_UNUSED_VARIABLE = YES;
				IPHONEOS_DEPLOYMENT_TARGET = 7.1;
				ONLY_ACTIVE_ARCH = YES;
				SDKROOT = iphoneos;
			};
			name = Debug;
		};
		86F85E611929A6060095B813 /* Release */ = {
			isa = XCBuildConfiguration;
			buildSettings = {
				ALWAYS_SEARCH_USER_PATHS = NO;
				CLANG_CXX_LANGUAGE_STANDARD = "gnu++0x";
				CLANG_CXX_LIBRARY = "libc++";
				CLANG_ENABLE_MODULES = YES;
				CLANG_ENABLE_OBJC_ARC = YES;
				CLANG_WARN_BOOL_CONVERSION = YES;
				CLANG_WARN_CONSTANT_CONVERSION = YES;
				CLANG_WARN_DIRECT_OBJC_ISA_USAGE = YES_ERROR;
				CLANG_WARN_EMPTY_BODY = YES;
				CLANG_WARN_ENUM_CONVERSION = YES;
				CLANG_WARN_INT_CONVERSION = YES;
				CLANG_WARN_OBJC_ROOT_CLASS = YES_ERROR;
				CLANG_WARN__DUPLICATE_METHOD_MATCH = YES;
				"CODE_SIGN_IDENTITY[sdk=iphoneos*]" = "iPhone Developer";
				COPY_PHASE_STRIP = YES;
				ENABLE_NS_ASSERTIONS = NO;
				GCC_C_LANGUAGE_STANDARD = gnu99;
				GCC_WARN_64_TO_32_BIT_CONVERSION = YES;
				GCC_WARN_ABOUT_RETURN_TYPE = YES_ERROR;
				GCC_WARN_UNDECLARED_SELECTOR = YES;
				GCC_WARN_UNINITIALIZED_AUTOS = YES_AGGRESSIVE;
				GCC_WARN_UNUSED_FUNCTION = YES;
				GCC_WARN_UNUSED_VARIABLE = YES;
				IPHONEOS_DEPLOYMENT_TARGET = 7.1;
				SDKROOT = iphoneos;
				VALIDATE_PRODUCT = YES;
			};
			name = Release;
		};
		86F85E631929A6060095B813 /* Debug */ = {
			isa = XCBuildConfiguration;
			buildSettings = {
				ASSETCATALOG_COMPILER_APPICON_NAME = AppIcon;
				ASSETCATALOG_COMPILER_LAUNCHIMAGE_NAME = LaunchImage;
				GCC_PRECOMPILE_PREFIX_HEADER = YES;
				GCC_PREFIX_HEADER = "DataStorage/DataStorage-Prefix.pch";
				INFOPLIST_FILE = "DataStorage/DataStorage-Info.plist";
				PRODUCT_NAME = "$(TARGET_NAME)";
				WRAPPER_EXTENSION = app;
			};
			name = Debug;
		};
		86F85E641929A6060095B813 /* Release */ = {
			isa = XCBuildConfiguration;
			buildSettings = {
				ASSETCATALOG_COMPILER_APPICON_NAME = AppIcon;
				ASSETCATALOG_COMPILER_LAUNCHIMAGE_NAME = LaunchImage;
				GCC_PRECOMPILE_PREFIX_HEADER = YES;
				GCC_PREFIX_HEADER = "DataStorage/DataStorage-Prefix.pch";
				INFOPLIST_FILE = "DataStorage/DataStorage-Info.plist";
				PRODUCT_NAME = "$(TARGET_NAME)";
				WRAPPER_EXTENSION = app;
			};
			name = Release;
		};
		86F85E661929A6060095B813 /* Debug */ = {
			isa = XCBuildConfiguration;
			buildSettings = {
				BUNDLE_LOADER = "$(BUILT_PRODUCTS_DIR)/DataStorage.app/DataStorage";
				FRAMEWORK_SEARCH_PATHS = (
					"$(SDKROOT)/Developer/Library/Frameworks",
					"$(inherited)",
					"$(DEVELOPER_FRAMEWORKS_DIR)",
				);
				GCC_PRECOMPILE_PREFIX_HEADER = YES;
				GCC_PREFIX_HEADER = "DataStorage/DataStorage-Prefix.pch";
				GCC_PREPROCESSOR_DEFINITIONS = (
					"DEBUG=1",
					"$(inherited)",
				);
				INFOPLIST_FILE = "DataStorageTests/DataStorageTests-Info.plist";
				PRODUCT_NAME = "$(TARGET_NAME)";
				TEST_HOST = "$(BUNDLE_LOADER)";
				WRAPPER_EXTENSION = xctest;
			};
			name = Debug;
		};
		86F85E671929A6060095B813 /* Release */ = {
			isa = XCBuildConfiguration;
			buildSettings = {
				BUNDLE_LOADER = "$(BUILT_PRODUCTS_DIR)/DataStorage.app/DataStorage";
				FRAMEWORK_SEARCH_PATHS = (
					"$(SDKROOT)/Developer/Library/Frameworks",
					"$(inherited)",
					"$(DEVELOPER_FRAMEWORKS_DIR)",
				);
				GCC_PRECOMPILE_PREFIX_HEADER = YES;
				GCC_PREFIX_HEADER = "DataStorage/DataStorage-Prefix.pch";
				INFOPLIST_FILE = "DataStorageTests/DataStorageTests-Info.plist";
				PRODUCT_NAME = "$(TARGET_NAME)";
				TEST_HOST = "$(BUNDLE_LOADER)";
				WRAPPER_EXTENSION = xctest;
			};
			name = Release;
		};
/* End XCBuildConfiguration section */

/* Begin XCConfigurationList section */
		86F85E281929A6060095B813 /* Build configuration list for PBXProject "DataStorage" */ = {
			isa = XCConfigurationList;
			buildConfigurations = (
				86F85E601929A6060095B813 /* Debug */,
				86F85E611929A6060095B813 /* Release */,
			);
			defaultConfigurationIsVisible = 0;
			defaultConfigurationName = Release;
		};
		86F85E621929A6060095B813 /* Build configuration list for PBXNativeTarget "DataStorage" */ = {
			isa = XCConfigurationList;
			buildConfigurations = (
				86F85E631929A6060095B813 /* Debug */,
				86F85E641929A6060095B813 /* Release */,
			);
			defaultConfigurationIsVisible = 0;
			defaultConfigurationName = Release;
		};
		86F85E651929A6060095B813 /* Build configuration list for PBXNativeTarget "DataStorageTests" */ = {
			isa = XCConfigurationList;
			buildConfigurations = (
				86F85E661929A6060095B813 /* Debug */,
				86F85E671929A6060095B813 /* Release */,
			);
			defaultConfigurationIsVisible = 0;
			defaultConfigurationName = Release;
		};
/* End XCConfigurationList section */

/* Begin XCVersionGroup section */
		8696E43D1929ED2200694536 /* CoreDataModel.xcdatamodeld */ = {
			isa = XCVersionGroup;
			children = (
				8696E43E1929ED2200694536 /* CoreDataModel.xcdatamodel */,
			);
			currentVersion = 8696E43E1929ED2200694536 /* CoreDataModel.xcdatamodel */;
			path = CoreDataModel.xcdatamodeld;
			sourceTree = "<group>";
			versionGroupType = wrapper.xcdatamodel;
		};
/* End XCVersionGroup section */
	};
	rootObject = 86F85E251929A6060095B813 /* Project object */;
}
